
Microsoft Visual Studio Solution File, Format Version 12.00
# Visual Studio Version 16
VisualStudioVersion = 16.0.30804.86
MinimumVisualStudioVersion = 10.0.40219.1
Project("{8BC9CEB8-8B4A-11D0-8D11-00A0C91BC942}") = "CS110C Assignment 3 - Reverse", "CS110C Assignment 3 - Reverse\CS110C Assignment 3 - Reverse.vcxproj", "{A4BEB4F7-3A00-47B4-9E45-DF17546EBD83}"
EndProject
Global
	GlobalSection(SolutionConfigurationPlatforms) = preSolution
		Debug|x64 = Debug|x64
		Debug|x86 = Debug|x86
		Release|x64 = Release|x64
		Release|x86 = Release|x86
	EndGlobalSection
	GlobalSection(ProjectConfigurationPlatforms) = postSolution
		{A4BEB4F7-3A00-47B4-9E45-DF17546EBD83}.Debug|x64.ActiveCfg = Debug|x64
		{A4BEB4F7-3A00-47B4-9E45-DF17546EBD83}.Debug|x64.Build.0 = Debug|x64
		{A4BEB4F7-3A00-47B4-9E45-DF17546EBD83}.Debug|x86.ActiveCfg = Debug|Win32
		{A4BEB4F7-3A00-47B4-9E45-DF17546EBD83}.Debug|x86.Build.0 = Debug|Win32
		{A4BEB4F7-3A00-47B4-9E45-DF17546EBD83}.Release|x64.ActiveCfg = Release|x64
		{A4BEB4F7-3A00-47B4-9E45-DF17546EBD83}.Release|x64.Build.0 = Release|x64
		{A4BEB4F7-3A00-47B4-9E45-DF17546EBD83}.Release|x86.ActiveCfg = Release|Win32
		{A4BEB4F7-3A00-47B4-9E45-DF17546EBD83}.Release|x86.Build.0 = Release|Win32
	EndGlobalSection
	GlobalSection(SolutionProperties) = preSolution
		HideSolutionNode = FALSE
	EndGlobalSection
	GlobalSection(ExtensibilityGlobals) = postSolution
		SolutionGuid = {1E41D868-EE83-4771-A4B8-98B801201D50}
	EndGlobalSection
EndGlobal
